
Microsoft Visual Studio Solution File, Format Version 12.00
# Visual Studio Version 17
VisualStudioVersion = 17.3.32819.101
MinimumVisualStudioVersion = 10.0.40219.1
Project("{FAE04EC0-301F-11D3-BF4B-00C04F79EFBC}") = "CalculadoraCompasso2.0", "CalculadoraCompasso2.0\CalculadoraCompasso2.0.csproj", "{667CDD53-F257-4AE7-A59E-A9C28122BDCB}"
EndProject
Global
	GlobalSection(SolutionConfigurationPlatforms) = preSolution
		Debug|Any CPU = Debug|Any CPU
		Release|Any CPU = Release|Any CPU
	EndGlobalSection
	GlobalSection(ProjectConfigurationPlatforms) = postSolution
		{667CDD53-F257-4AE7-A59E-A9C28122BDCB}.Debug|Any CPU.ActiveCfg = Debug|Any CPU
		{667CDD53-F257-4AE7-A59E-A9C28122BDCB}.Debug|Any CPU.Build.0 = Debug|Any CPU
		{667CDD53-F257-4AE7-A59E-A9C28122BDCB}.Release|Any CPU.ActiveCfg = Release|Any CPU
		{667CDD53-F257-4AE7-A59E-A9C28122BDCB}.Release|Any CPU.Build.0 = Release|Any CPU
	EndGlobalSection
	GlobalSection(SolutionProperties) = preSolution
		HideSolutionNode = FALSE
	EndGlobalSection
	GlobalSection(ExtensibilityGlobals) = postSolution
		SolutionGuid = {DE4D59CE-B9C2-4863-9CF1-B3FF0E448DD5}
	EndGlobalSection
EndGlobal
